
Microsoft Visual Studio Solution File, Format Version 12.00
# Visual Studio Version 16
VisualStudioVersion = 16.0.29613.14
MinimumVisualStudioVersion = 10.0.40219.1
Project("{2150E333-8FDC-42A3-9474-1A3956D46DE8}") = "Patterns", "Patterns", "{07CDF0E0-1D1B-48E4-967B-ACF156C9CC02}"
EndProject
Project("{9A19103F-16F7-4668-BE54-9A1E7A4F7556}") = "Singleton_Pattern", "Singleton_Pattern\Singleton_Pattern.csproj", "{507FEA8E-B6F4-4F4B-87FF-C60368160769}"
EndProject
Project("{FAE04EC0-301F-11D3-BF4B-00C04F79EFBC}") = "Test.Singleton", "Test.Singleton\Test.Singleton.csproj", "{D53CC26B-ADBB-47BD-947D-FE3B2524C4DD}"
EndProject
Project("{2150E333-8FDC-42A3-9474-1A3956D46DE8}") = "Prototype", "Prototype", "{BBABE565-A1E6-4F40-B4A5-DEF9DA28A098}"
EndProject
Project("{2150E333-8FDC-42A3-9474-1A3956D46DE8}") = "Test", "Test", "{F856564C-29DD-483D-ADB0-6357652F29A9}"
EndProject
Project("{9A19103F-16F7-4668-BE54-9A1E7A4F7556}") = "Prototype_Pattern", "Prototype\Prototype_Pattern\Prototype_Pattern.csproj", "{04DCC9A4-616E-4752-890C-F9E31C8AF43B}"
EndProject
Project("{9A19103F-16F7-4668-BE54-9A1E7A4F7556}") = "TestPrototype", "Prototype\Test\TestPrototype\TestPrototype.csproj", "{D31234B0-D290-4C93-8796-D0927BA4071B}"
EndProject
Project("{2150E333-8FDC-42A3-9474-1A3956D46DE8}") = "Singleton", "Singleton", "{EE1A1DB6-72AC-448D-80C4-E816541E19DD}"
EndProject
Project("{2150E333-8FDC-42A3-9474-1A3956D46DE8}") = "Factory", "Factory", "{6D62BCCC-CDD6-4218-A844-CB411649F524}"
EndProject
Global
	GlobalSection(SolutionConfigurationPlatforms) = preSolution
		Debug|Any CPU = Debug|Any CPU
		Release|Any CPU = Release|Any CPU
	EndGlobalSection
	GlobalSection(ProjectConfigurationPlatforms) = postSolution
		{507FEA8E-B6F4-4F4B-87FF-C60368160769}.Debug|Any CPU.ActiveCfg = Debug|Any CPU
		{507FEA8E-B6F4-4F4B-87FF-C60368160769}.Debug|Any CPU.Build.0 = Debug|Any CPU
		{507FEA8E-B6F4-4F4B-87FF-C60368160769}.Release|Any CPU.ActiveCfg = Release|Any CPU
		{507FEA8E-B6F4-4F4B-87FF-C60368160769}.Release|Any CPU.Build.0 = Release|Any CPU
		{D53CC26B-ADBB-47BD-947D-FE3B2524C4DD}.Debug|Any CPU.ActiveCfg = Debug|Any CPU
		{D53CC26B-ADBB-47BD-947D-FE3B2524C4DD}.Debug|Any CPU.Build.0 = Debug|Any CPU
		{D53CC26B-ADBB-47BD-947D-FE3B2524C4DD}.Release|Any CPU.ActiveCfg = Release|Any CPU
		{D53CC26B-ADBB-47BD-947D-FE3B2524C4DD}.Release|Any CPU.Build.0 = Release|Any CPU
		{04DCC9A4-616E-4752-890C-F9E31C8AF43B}.Debug|Any CPU.ActiveCfg = Debug|Any CPU
		{04DCC9A4-616E-4752-890C-F9E31C8AF43B}.Debug|Any CPU.Build.0 = Debug|Any CPU
		{04DCC9A4-616E-4752-890C-F9E31C8AF43B}.Release|Any CPU.ActiveCfg = Release|Any CPU
		{04DCC9A4-616E-4752-890C-F9E31C8AF43B}.Release|Any CPU.Build.0 = Release|Any CPU
		{D31234B0-D290-4C93-8796-D0927BA4071B}.Debug|Any CPU.ActiveCfg = Debug|Any CPU
		{D31234B0-D290-4C93-8796-D0927BA4071B}.Debug|Any CPU.Build.0 = Debug|Any CPU
		{D31234B0-D290-4C93-8796-D0927BA4071B}.Release|Any CPU.ActiveCfg = Release|Any CPU
		{D31234B0-D290-4C93-8796-D0927BA4071B}.Release|Any CPU.Build.0 = Release|Any CPU
	EndGlobalSection
	GlobalSection(SolutionProperties) = preSolution
		HideSolutionNode = FALSE
	EndGlobalSection
	GlobalSection(NestedProjects) = preSolution
		{507FEA8E-B6F4-4F4B-87FF-C60368160769} = {EE1A1DB6-72AC-448D-80C4-E816541E19DD}
		{D53CC26B-ADBB-47BD-947D-FE3B2524C4DD} = {EE1A1DB6-72AC-448D-80C4-E816541E19DD}
		{BBABE565-A1E6-4F40-B4A5-DEF9DA28A098} = {07CDF0E0-1D1B-48E4-967B-ACF156C9CC02}
		{F856564C-29DD-483D-ADB0-6357652F29A9} = {BBABE565-A1E6-4F40-B4A5-DEF9DA28A098}
		{04DCC9A4-616E-4752-890C-F9E31C8AF43B} = {BBABE565-A1E6-4F40-B4A5-DEF9DA28A098}
		{D31234B0-D290-4C93-8796-D0927BA4071B} = {F856564C-29DD-483D-ADB0-6357652F29A9}
		{EE1A1DB6-72AC-448D-80C4-E816541E19DD} = {07CDF0E0-1D1B-48E4-967B-ACF156C9CC02}
		{6D62BCCC-CDD6-4218-A844-CB411649F524} = {07CDF0E0-1D1B-48E4-967B-ACF156C9CC02}
	EndGlobalSection
	GlobalSection(ExtensibilityGlobals) = postSolution
		SolutionGuid = {9ACAD39D-C8D7-42D2-AF20-EEFDB229E57F}
	EndGlobalSection
EndGlobal
