
Microsoft Visual Studio Solution File, Format Version 12.00
# Visual Studio Version 16
VisualStudioVersion = 16.0.29613.14
MinimumVisualStudioVersion = 10.0.40219.1
Project("{2150E333-8FDC-42A3-9474-1A3956D46DE8}") = "Patterns", "Patterns", "{07CDF0E0-1D1B-48E4-967B-ACF156C9CC02}"
	ProjectSection(SolutionItems) = preProject
		readme.txt = readme.txt
	EndProjectSection
EndProject
Project("{9A19103F-16F7-4668-BE54-9A1E7A4F7556}") = "Singleton_Pattern", "Singleton_Pattern\Singleton_Pattern.csproj", "{507FEA8E-B6F4-4F4B-87FF-C60368160769}"
EndProject
Project("{9A19103F-16F7-4668-BE54-9A1E7A4F7556}") = "Test.Singleton", "Test.Singleton\Test.Singleton.csproj", "{D53CC26B-ADBB-47BD-947D-FE3B2524C4DD}"
EndProject
Project("{2150E333-8FDC-42A3-9474-1A3956D46DE8}") = "Prototype", "Prototype", "{BBABE565-A1E6-4F40-B4A5-DEF9DA28A098}"
EndProject
Project("{2150E333-8FDC-42A3-9474-1A3956D46DE8}") = "Test", "Test", "{F856564C-29DD-483D-ADB0-6357652F29A9}"
EndProject
Project("{9A19103F-16F7-4668-BE54-9A1E7A4F7556}") = "Prototype_Pattern", "Prototype\Prototype_Pattern\Prototype_Pattern.csproj", "{04DCC9A4-616E-4752-890C-F9E31C8AF43B}"
EndProject
Project("{9A19103F-16F7-4668-BE54-9A1E7A4F7556}") = "TestPrototype", "Prototype\Test\TestPrototype\TestPrototype.csproj", "{D31234B0-D290-4C93-8796-D0927BA4071B}"
EndProject
Project("{2150E333-8FDC-42A3-9474-1A3956D46DE8}") = "Singleton", "Singleton", "{EE1A1DB6-72AC-448D-80C4-E816541E19DD}"
EndProject
Project("{2150E333-8FDC-42A3-9474-1A3956D46DE8}") = "Factory", "Factory", "{6D62BCCC-CDD6-4218-A844-CB411649F524}"
EndProject
Project("{9A19103F-16F7-4668-BE54-9A1E7A4F7556}") = "Factory_Pattern", "Factory\Factory_Pattern\Factory_Pattern.csproj", "{6A5F15C7-D445-4047-9AE4-5F5C9221B69F}"
EndProject
Project("{2150E333-8FDC-42A3-9474-1A3956D46DE8}") = "Test", "Test", "{F975A683-BF15-4FDF-A9C0-815FAA73E973}"
EndProject
Project("{9A19103F-16F7-4668-BE54-9A1E7A4F7556}") = "Test.Factory", "Factory\Test\Test.Factory\Test.Factory.csproj", "{F86E479F-5621-4004-AA07-D0ADC1AC527D}"
EndProject
Project("{2150E333-8FDC-42A3-9474-1A3956D46DE8}") = "Builder", "Builder", "{F9FF2AA9-AE7E-4E91-9F0F-E728A5113C14}"
EndProject
Project("{2150E333-8FDC-42A3-9474-1A3956D46DE8}") = "Composite", "Composite", "{A7EFB17B-139E-4E50-B811-B6A639864310}"
EndProject
Project("{9A19103F-16F7-4668-BE54-9A1E7A4F7556}") = "Composite_Pattern", "Composite\Composite_Pattern\Composite_Pattern.csproj", "{18A38AD7-12BF-4F60-8D60-1E3853FC585C}"
EndProject
Project("{2150E333-8FDC-42A3-9474-1A3956D46DE8}") = "Test", "Test", "{383D1E28-4C6B-4AD6-8156-F760F23C9DEC}"
EndProject
Project("{9A19103F-16F7-4668-BE54-9A1E7A4F7556}") = "Test.Composite", "Composite\Test\Composite_Test\Test.Composite.csproj", "{46C07914-67A4-47A4-A523-DA62FB8D418A}"
EndProject
Project("{2150E333-8FDC-42A3-9474-1A3956D46DE8}") = "Adapter", "Adapter", "{9921D7CE-72AB-4794-8CA1-336CC2C27399}"
EndProject
Project("{9A19103F-16F7-4668-BE54-9A1E7A4F7556}") = "Test.Adapter", "Adapter\Test\Test.Adapter\Test.Adapter.csproj", "{5F9280FC-B4FC-438B-9A4A-1E55288B88D1}"
EndProject
Project("{9A19103F-16F7-4668-BE54-9A1E7A4F7556}") = "Adapter_Pattern", "Adapter\Adapter_Pattern\Adapter_Pattern.csproj", "{5CE64E2A-468E-49D2-B9A5-D59CD5CD56AF}"
EndProject
Project("{9A19103F-16F7-4668-BE54-9A1E7A4F7556}") = "Buider_Pattern", "Builder\Buider_Pattern\Buider_Pattern.csproj", "{7ED70844-48F4-4589-A179-0CC083754899}"
EndProject
Project("{9A19103F-16F7-4668-BE54-9A1E7A4F7556}") = "Test.Builder", "Builder\Test\Test.Builder\Test.Builder.csproj", "{3642E278-8169-4BD8-9BDF-00735406C3F5}"
EndProject
Project("{2150E333-8FDC-42A3-9474-1A3956D46DE8}") = "Facade", "Facade", "{5ED780CB-226D-43DE-BA9D-D4B9BA628910}"
EndProject
Project("{2150E333-8FDC-42A3-9474-1A3956D46DE8}") = "Observer", "Observer", "{D6F39265-DD2F-49C9-A2E2-902D20A6E905}"
EndProject
Project("{9A19103F-16F7-4668-BE54-9A1E7A4F7556}") = "Test.Observer", "Observer\Test\Test.Observer\Test.Observer.csproj", "{8B9863D9-BA69-460A-8068-041F2EE8DB97}"
EndProject
Project("{9A19103F-16F7-4668-BE54-9A1E7A4F7556}") = "Observer_Pattern", "Observer\Observer_Pattern\Observer_Pattern.csproj", "{ED231869-FCB7-4FE9-B045-526350A733CB}"
EndProject
Project("{9A19103F-16F7-4668-BE54-9A1E7A4F7556}") = "Facade_Pattern", "Facade\Facade\Facade_Pattern.csproj", "{FAA5F4D2-81E4-4BD1-828E-C4E17AE7F1E5}"
EndProject
Project("{2150E333-8FDC-42A3-9474-1A3956D46DE8}") = "NewFolder2", "NewFolder2", "{A3A2ECCE-213D-4504-BD5B-7547FE187537}"
EndProject
Project("{9A19103F-16F7-4668-BE54-9A1E7A4F7556}") = "Test.Facade", "Facade\Test\Test.Facade\Test.Facade.csproj", "{FCF4DAAE-EE60-4D9D-9EAF-8C987C7FCBC6}"
EndProject
Project("{2150E333-8FDC-42A3-9474-1A3956D46DE8}") = "Iterator", "Iterator", "{36E96AF3-4C37-4115-AB58-01EF4056F92D}"
EndProject
Project("{FAE04EC0-301F-11D3-BF4B-00C04F79EFBC}") = "Test.Iterator", "Iterator\Test\Test.Iterator\Test.Iterator.csproj", "{FFED4943-C994-4236-B7C3-E863FE1D7977}"
EndProject
Project("{FAE04EC0-301F-11D3-BF4B-00C04F79EFBC}") = "Iterator_Pattern", "Iterator\Iterator_Pattern\Iterator_Pattern.csproj", "{7CD52355-381A-40D3-8752-2204E475BEF0}"
EndProject
Global
	GlobalSection(SolutionConfigurationPlatforms) = preSolution
		Debug|Any CPU = Debug|Any CPU
		Release|Any CPU = Release|Any CPU
	EndGlobalSection
	GlobalSection(ProjectConfigurationPlatforms) = postSolution
		{507FEA8E-B6F4-4F4B-87FF-C60368160769}.Debug|Any CPU.ActiveCfg = Debug|Any CPU
		{507FEA8E-B6F4-4F4B-87FF-C60368160769}.Debug|Any CPU.Build.0 = Debug|Any CPU
		{507FEA8E-B6F4-4F4B-87FF-C60368160769}.Release|Any CPU.ActiveCfg = Release|Any CPU
		{507FEA8E-B6F4-4F4B-87FF-C60368160769}.Release|Any CPU.Build.0 = Release|Any CPU
		{D53CC26B-ADBB-47BD-947D-FE3B2524C4DD}.Debug|Any CPU.ActiveCfg = Debug|Any CPU
		{D53CC26B-ADBB-47BD-947D-FE3B2524C4DD}.Debug|Any CPU.Build.0 = Debug|Any CPU
		{D53CC26B-ADBB-47BD-947D-FE3B2524C4DD}.Release|Any CPU.ActiveCfg = Release|Any CPU
		{D53CC26B-ADBB-47BD-947D-FE3B2524C4DD}.Release|Any CPU.Build.0 = Release|Any CPU
		{04DCC9A4-616E-4752-890C-F9E31C8AF43B}.Debug|Any CPU.ActiveCfg = Debug|Any CPU
		{04DCC9A4-616E-4752-890C-F9E31C8AF43B}.Debug|Any CPU.Build.0 = Debug|Any CPU
		{04DCC9A4-616E-4752-890C-F9E31C8AF43B}.Release|Any CPU.ActiveCfg = Release|Any CPU
		{04DCC9A4-616E-4752-890C-F9E31C8AF43B}.Release|Any CPU.Build.0 = Release|Any CPU
		{D31234B0-D290-4C93-8796-D0927BA4071B}.Debug|Any CPU.ActiveCfg = Debug|Any CPU
		{D31234B0-D290-4C93-8796-D0927BA4071B}.Debug|Any CPU.Build.0 = Debug|Any CPU
		{D31234B0-D290-4C93-8796-D0927BA4071B}.Release|Any CPU.ActiveCfg = Release|Any CPU
		{D31234B0-D290-4C93-8796-D0927BA4071B}.Release|Any CPU.Build.0 = Release|Any CPU
		{6A5F15C7-D445-4047-9AE4-5F5C9221B69F}.Debug|Any CPU.ActiveCfg = Debug|Any CPU
		{6A5F15C7-D445-4047-9AE4-5F5C9221B69F}.Debug|Any CPU.Build.0 = Debug|Any CPU
		{6A5F15C7-D445-4047-9AE4-5F5C9221B69F}.Release|Any CPU.ActiveCfg = Release|Any CPU
		{6A5F15C7-D445-4047-9AE4-5F5C9221B69F}.Release|Any CPU.Build.0 = Release|Any CPU
		{F86E479F-5621-4004-AA07-D0ADC1AC527D}.Debug|Any CPU.ActiveCfg = Debug|Any CPU
		{F86E479F-5621-4004-AA07-D0ADC1AC527D}.Debug|Any CPU.Build.0 = Debug|Any CPU
		{F86E479F-5621-4004-AA07-D0ADC1AC527D}.Release|Any CPU.ActiveCfg = Release|Any CPU
		{F86E479F-5621-4004-AA07-D0ADC1AC527D}.Release|Any CPU.Build.0 = Release|Any CPU
		{18A38AD7-12BF-4F60-8D60-1E3853FC585C}.Debug|Any CPU.ActiveCfg = Debug|Any CPU
		{18A38AD7-12BF-4F60-8D60-1E3853FC585C}.Debug|Any CPU.Build.0 = Debug|Any CPU
		{18A38AD7-12BF-4F60-8D60-1E3853FC585C}.Release|Any CPU.ActiveCfg = Release|Any CPU
		{18A38AD7-12BF-4F60-8D60-1E3853FC585C}.Release|Any CPU.Build.0 = Release|Any CPU
		{46C07914-67A4-47A4-A523-DA62FB8D418A}.Debug|Any CPU.ActiveCfg = Debug|Any CPU
		{46C07914-67A4-47A4-A523-DA62FB8D418A}.Debug|Any CPU.Build.0 = Debug|Any CPU
		{46C07914-67A4-47A4-A523-DA62FB8D418A}.Release|Any CPU.ActiveCfg = Release|Any CPU
		{46C07914-67A4-47A4-A523-DA62FB8D418A}.Release|Any CPU.Build.0 = Release|Any CPU
		{5F9280FC-B4FC-438B-9A4A-1E55288B88D1}.Debug|Any CPU.ActiveCfg = Debug|Any CPU
		{5F9280FC-B4FC-438B-9A4A-1E55288B88D1}.Debug|Any CPU.Build.0 = Debug|Any CPU
		{5F9280FC-B4FC-438B-9A4A-1E55288B88D1}.Release|Any CPU.ActiveCfg = Release|Any CPU
		{5F9280FC-B4FC-438B-9A4A-1E55288B88D1}.Release|Any CPU.Build.0 = Release|Any CPU
		{5CE64E2A-468E-49D2-B9A5-D59CD5CD56AF}.Debug|Any CPU.ActiveCfg = Debug|Any CPU
		{5CE64E2A-468E-49D2-B9A5-D59CD5CD56AF}.Debug|Any CPU.Build.0 = Debug|Any CPU
		{5CE64E2A-468E-49D2-B9A5-D59CD5CD56AF}.Release|Any CPU.ActiveCfg = Release|Any CPU
		{5CE64E2A-468E-49D2-B9A5-D59CD5CD56AF}.Release|Any CPU.Build.0 = Release|Any CPU
		{7ED70844-48F4-4589-A179-0CC083754899}.Debug|Any CPU.ActiveCfg = Debug|Any CPU
		{7ED70844-48F4-4589-A179-0CC083754899}.Debug|Any CPU.Build.0 = Debug|Any CPU
		{7ED70844-48F4-4589-A179-0CC083754899}.Release|Any CPU.ActiveCfg = Release|Any CPU
		{7ED70844-48F4-4589-A179-0CC083754899}.Release|Any CPU.Build.0 = Release|Any CPU
		{3642E278-8169-4BD8-9BDF-00735406C3F5}.Debug|Any CPU.ActiveCfg = Debug|Any CPU
		{3642E278-8169-4BD8-9BDF-00735406C3F5}.Debug|Any CPU.Build.0 = Debug|Any CPU
		{3642E278-8169-4BD8-9BDF-00735406C3F5}.Release|Any CPU.ActiveCfg = Release|Any CPU
		{3642E278-8169-4BD8-9BDF-00735406C3F5}.Release|Any CPU.Build.0 = Release|Any CPU
		{8B9863D9-BA69-460A-8068-041F2EE8DB97}.Debug|Any CPU.ActiveCfg = Debug|Any CPU
		{8B9863D9-BA69-460A-8068-041F2EE8DB97}.Debug|Any CPU.Build.0 = Debug|Any CPU
		{8B9863D9-BA69-460A-8068-041F2EE8DB97}.Release|Any CPU.ActiveCfg = Release|Any CPU
		{8B9863D9-BA69-460A-8068-041F2EE8DB97}.Release|Any CPU.Build.0 = Release|Any CPU
		{ED231869-FCB7-4FE9-B045-526350A733CB}.Debug|Any CPU.ActiveCfg = Debug|Any CPU
		{ED231869-FCB7-4FE9-B045-526350A733CB}.Debug|Any CPU.Build.0 = Debug|Any CPU
		{ED231869-FCB7-4FE9-B045-526350A733CB}.Release|Any CPU.ActiveCfg = Release|Any CPU
		{ED231869-FCB7-4FE9-B045-526350A733CB}.Release|Any CPU.Build.0 = Release|Any CPU
		{FAA5F4D2-81E4-4BD1-828E-C4E17AE7F1E5}.Debug|Any CPU.ActiveCfg = Debug|Any CPU
		{FAA5F4D2-81E4-4BD1-828E-C4E17AE7F1E5}.Debug|Any CPU.Build.0 = Debug|Any CPU
		{FAA5F4D2-81E4-4BD1-828E-C4E17AE7F1E5}.Release|Any CPU.ActiveCfg = Release|Any CPU
		{FAA5F4D2-81E4-4BD1-828E-C4E17AE7F1E5}.Release|Any CPU.Build.0 = Release|Any CPU
		{FCF4DAAE-EE60-4D9D-9EAF-8C987C7FCBC6}.Debug|Any CPU.ActiveCfg = Debug|Any CPU
		{FCF4DAAE-EE60-4D9D-9EAF-8C987C7FCBC6}.Debug|Any CPU.Build.0 = Debug|Any CPU
		{FCF4DAAE-EE60-4D9D-9EAF-8C987C7FCBC6}.Release|Any CPU.ActiveCfg = Release|Any CPU
		{FCF4DAAE-EE60-4D9D-9EAF-8C987C7FCBC6}.Release|Any CPU.Build.0 = Release|Any CPU
		{FFED4943-C994-4236-B7C3-E863FE1D7977}.Debug|Any CPU.ActiveCfg = Debug|Any CPU
		{FFED4943-C994-4236-B7C3-E863FE1D7977}.Debug|Any CPU.Build.0 = Debug|Any CPU
		{FFED4943-C994-4236-B7C3-E863FE1D7977}.Release|Any CPU.ActiveCfg = Release|Any CPU
		{FFED4943-C994-4236-B7C3-E863FE1D7977}.Release|Any CPU.Build.0 = Release|Any CPU
		{7CD52355-381A-40D3-8752-2204E475BEF0}.Debug|Any CPU.ActiveCfg = Debug|Any CPU
		{7CD52355-381A-40D3-8752-2204E475BEF0}.Debug|Any CPU.Build.0 = Debug|Any CPU
		{7CD52355-381A-40D3-8752-2204E475BEF0}.Release|Any CPU.ActiveCfg = Release|Any CPU
		{7CD52355-381A-40D3-8752-2204E475BEF0}.Release|Any CPU.Build.0 = Release|Any CPU
	EndGlobalSection
	GlobalSection(SolutionProperties) = preSolution
		HideSolutionNode = FALSE
	EndGlobalSection
	GlobalSection(NestedProjects) = preSolution
		{507FEA8E-B6F4-4F4B-87FF-C60368160769} = {EE1A1DB6-72AC-448D-80C4-E816541E19DD}
		{D53CC26B-ADBB-47BD-947D-FE3B2524C4DD} = {EE1A1DB6-72AC-448D-80C4-E816541E19DD}
		{BBABE565-A1E6-4F40-B4A5-DEF9DA28A098} = {07CDF0E0-1D1B-48E4-967B-ACF156C9CC02}
		{F856564C-29DD-483D-ADB0-6357652F29A9} = {BBABE565-A1E6-4F40-B4A5-DEF9DA28A098}
		{04DCC9A4-616E-4752-890C-F9E31C8AF43B} = {BBABE565-A1E6-4F40-B4A5-DEF9DA28A098}
		{D31234B0-D290-4C93-8796-D0927BA4071B} = {F856564C-29DD-483D-ADB0-6357652F29A9}
		{EE1A1DB6-72AC-448D-80C4-E816541E19DD} = {07CDF0E0-1D1B-48E4-967B-ACF156C9CC02}
		{6D62BCCC-CDD6-4218-A844-CB411649F524} = {07CDF0E0-1D1B-48E4-967B-ACF156C9CC02}
		{6A5F15C7-D445-4047-9AE4-5F5C9221B69F} = {6D62BCCC-CDD6-4218-A844-CB411649F524}
		{F975A683-BF15-4FDF-A9C0-815FAA73E973} = {6D62BCCC-CDD6-4218-A844-CB411649F524}
		{F86E479F-5621-4004-AA07-D0ADC1AC527D} = {F975A683-BF15-4FDF-A9C0-815FAA73E973}
		{F9FF2AA9-AE7E-4E91-9F0F-E728A5113C14} = {07CDF0E0-1D1B-48E4-967B-ACF156C9CC02}
		{A7EFB17B-139E-4E50-B811-B6A639864310} = {07CDF0E0-1D1B-48E4-967B-ACF156C9CC02}
		{18A38AD7-12BF-4F60-8D60-1E3853FC585C} = {A7EFB17B-139E-4E50-B811-B6A639864310}
		{383D1E28-4C6B-4AD6-8156-F760F23C9DEC} = {A7EFB17B-139E-4E50-B811-B6A639864310}
		{46C07914-67A4-47A4-A523-DA62FB8D418A} = {383D1E28-4C6B-4AD6-8156-F760F23C9DEC}
		{9921D7CE-72AB-4794-8CA1-336CC2C27399} = {07CDF0E0-1D1B-48E4-967B-ACF156C9CC02}
		{5F9280FC-B4FC-438B-9A4A-1E55288B88D1} = {9921D7CE-72AB-4794-8CA1-336CC2C27399}
		{5CE64E2A-468E-49D2-B9A5-D59CD5CD56AF} = {9921D7CE-72AB-4794-8CA1-336CC2C27399}
		{7ED70844-48F4-4589-A179-0CC083754899} = {F9FF2AA9-AE7E-4E91-9F0F-E728A5113C14}
		{3642E278-8169-4BD8-9BDF-00735406C3F5} = {F9FF2AA9-AE7E-4E91-9F0F-E728A5113C14}
		{5ED780CB-226D-43DE-BA9D-D4B9BA628910} = {07CDF0E0-1D1B-48E4-967B-ACF156C9CC02}
		{D6F39265-DD2F-49C9-A2E2-902D20A6E905} = {07CDF0E0-1D1B-48E4-967B-ACF156C9CC02}
		{8B9863D9-BA69-460A-8068-041F2EE8DB97} = {D6F39265-DD2F-49C9-A2E2-902D20A6E905}
		{ED231869-FCB7-4FE9-B045-526350A733CB} = {D6F39265-DD2F-49C9-A2E2-902D20A6E905}
		{FAA5F4D2-81E4-4BD1-828E-C4E17AE7F1E5} = {5ED780CB-226D-43DE-BA9D-D4B9BA628910}
		{A3A2ECCE-213D-4504-BD5B-7547FE187537} = {07CDF0E0-1D1B-48E4-967B-ACF156C9CC02}
		{FCF4DAAE-EE60-4D9D-9EAF-8C987C7FCBC6} = {5ED780CB-226D-43DE-BA9D-D4B9BA628910}
		{36E96AF3-4C37-4115-AB58-01EF4056F92D} = {07CDF0E0-1D1B-48E4-967B-ACF156C9CC02}
		{FFED4943-C994-4236-B7C3-E863FE1D7977} = {36E96AF3-4C37-4115-AB58-01EF4056F92D}
		{7CD52355-381A-40D3-8752-2204E475BEF0} = {36E96AF3-4C37-4115-AB58-01EF4056F92D}
	EndGlobalSection
	GlobalSection(ExtensibilityGlobals) = postSolution
		SolutionGuid = {9ACAD39D-C8D7-42D2-AF20-EEFDB229E57F}
	EndGlobalSection
EndGlobal
